{
	"name": "dev",
	"version": "1.0.0",
	"lockfileVersion": 3,
	"requires": true,
	"packages": {
		"": {
			"name": "dev",
			"version": "1.0.0",
			"license": "MIT",
			"dependencies": {
				"lit-element": "^4.1.1",
				"lit-html": "^1.2.1",
				"ts-lit-plugin": "file:../packages/ts-lit-plugin"
			},
			"devDependencies": {
				"typescript": "~5.2.2"
			}
		},
		"../packages/ts-lit-plugin": {
			"version": "2.0.2",
			"license": "MIT",
			"dependencies": {
				"lit-analyzer": "^2.0.1",
				"web-component-analyzer": "^2.0.0"
			},
			"devDependencies": {
				"@types/node": "^22.10.2",
				"esbuild": "^0.14.34",
				"rimraf": "^3.0.2",
				"typescript": "~5.2.2",
				"wireit": "^0.1.1"
			}
		},
		"../packages/ts-lit-plugin/node_modules/web-component-analyzer": {
			"version": "2.0.0",
			"license": "MIT",
			"dependencies": {
				"fast-glob": "^3.2.2",
				"ts-simple-type": "2.0.0-next.0",
				"typescript": "~5.2.0",
				"yargs": "^17.7.2"
			},
			"bin": {
				"wca": "cli.js",
				"web-component-analyzer": "cli.js"
			}
		},
		"../packages/ts-lit-plugin/node_modules/wireit": {
			"version": "0.1.1",
			"dev": true,
			"license": "Apache-2.0",
			"dependencies": {
				"chokidar": "^3.5.3",
				"fast-glob": "^3.2.11"
			},
			"bin": {
				"wireit": "bin/wireit.js"
			},
			"engines": {
				"node": ">=16.7.0"
			}
		},
		"node_modules/@lit-labs/ssr-dom-shim": {
			"version": "1.2.1",
			"resolved": "https://registry.npmjs.org/@lit-labs/ssr-dom-shim/-/ssr-dom-shim-1.2.1.tgz",
			"integrity": "sha512-wx4aBmgeGvFmOKucFKY+8VFJSYZxs9poN3SDNQFF6lT6NrQUnHiPB2PWz2sc4ieEcAaYYzN+1uWahEeTq2aRIQ=="
		},
		"node_modules/@lit/reactive-element": {
			"version": "2.0.4",
			"resolved": "https://registry.npmjs.org/@lit/reactive-element/-/reactive-element-2.0.4.tgz",
			"integrity": "sha512-GFn91inaUa2oHLak8awSIigYz0cU0Payr1rcFsrkf5OJ5eSPxElyZfKh0f2p9FsTiZWXQdWGJeXZICEfXXYSXQ==",
			"dependencies": {
				"@lit-labs/ssr-dom-shim": "^1.2.0"
			}
		},
		"node_modules/@types/trusted-types": {
			"version": "2.0.7",
			"resolved": "https://registry.npmjs.org/@types/trusted-types/-/trusted-types-2.0.7.tgz",
			"integrity": "sha512-ScaPdn1dQczgbl0QFTeTOmVHFULt394XJgOQNoyVhZ6r2vLnMLJfBPd53SB52T/3G36VI1/g2MZaX0cwDuXsfw=="
		},
		"node_modules/lit-element": {
			"version": "4.1.1",
			"resolved": "https://registry.npmjs.org/lit-element/-/lit-element-4.1.1.tgz",
			"integrity": "sha512-HO9Tkkh34QkTeUmEdNYhMT8hzLid7YlMlATSi1q4q17HE5d9mrrEHJ/o8O2D0cMi182zK1F3v7x0PWFjrhXFew==",
			"dependencies": {
				"@lit-labs/ssr-dom-shim": "^1.2.0",
				"@lit/reactive-element": "^2.0.4",
				"lit-html": "^3.2.0"
			}
		},
		"node_modules/lit-element/node_modules/lit-html": {
			"version": "3.2.1",
			"resolved": "https://registry.npmjs.org/lit-html/-/lit-html-3.2.1.tgz",
			"integrity": "sha512-qI/3lziaPMSKsrwlxH/xMgikhQ0EGOX2ICU73Bi/YHFvz2j/yMCIrw4+puF2IpQ4+upd3EWbvnHM9+PnJn48YA==",
			"dependencies": {
				"@types/trusted-types": "^2.0.2"
			}
		},
		"node_modules/lit-html": {
			"version": "1.4.1",
			"license": "BSD-3-Clause"
		},
		"node_modules/ts-lit-plugin": {
			"resolved": "../packages/ts-lit-plugin",
			"link": true
		},
		"node_modules/typescript": {
			"version": "5.2.2",
			"resolved": "https://registry.npmjs.org/typescript/-/typescript-5.2.2.tgz",
			"integrity": "sha512-mI4WrpHsbCIcwT9cF4FZvr80QUeKvsUsUvKDoR+X/7XHQH98xYD8YHZg7ANtz2GtZt/CBq2QJ0thkGJMHfqc1w==",
			"dev": true,
			"license": "Apache-2.0",
			"bin": {
				"tsc": "bin/tsc",
				"tsserver": "bin/tsserver"
			},
			"engines": {
				"node": ">=14.17"
			}
		}
	}
}
