{
	"name": "dev",
	"version": "1.0.0",
	"lockfileVersion": 3,
	"requires": true,
	"packages": {
		"": {
			"name": "dev",
			"version": "1.0.0",
			"license": "MIT",
			"dependencies": {
				"@jackolope/ts-lit-plugin": "file:../packages/ts-lit-plugin",
				"lit-element": "^2.3.1",
				"lit-html": "^1.2.1"
			},
			"devDependencies": {
				"typescript": "~5.7.2"
			},
			"engines": {
				"node": ">=18"
			}
		},
		"../packages/ts-lit-plugin": {
			"name": "@jackolope/ts-lit-plugin",
			"version": "2.0.2",
			"license": "MIT",
			"dependencies": {
				"@jackolope/lit-analyzer": "^2.0.1",
				"@jackolope/web-component-analyzer": "^2.0.0"
			},
			"devDependencies": {
				"@types/node": "^22.10.7",
				"esbuild": "^0.24.2",
				"typescript": "^5.7.2",
				"wireit": "^0.1.1"
			},
			"engines": {
				"node": ">=18"
			}
		},
		"../packages/ts-lit-plugin/node_modules/wireit": {
			"version": "0.1.1",
			"dev": true,
			"license": "Apache-2.0",
			"dependencies": {
				"chokidar": "^3.5.3",
				"fast-glob": "^3.2.11"
			},
			"bin": {
				"wireit": "bin/wireit.js"
			},
			"engines": {
				"node": ">=16.7.0"
			}
		},
		"node_modules/@jackolope/ts-lit-plugin": {
			"resolved": "../packages/ts-lit-plugin",
			"link": true
		},
		"node_modules/lit-element": {
			"version": "2.5.1",
			"license": "BSD-3-Clause",
			"dependencies": {
				"lit-html": "^1.1.1"
			}
		},
		"node_modules/lit-html": {
			"version": "1.4.1",
			"license": "BSD-3-Clause"
		},
		"node_modules/typescript": {
			"version": "5.7.2",
			"resolved": "https://registry.npmjs.org/typescript/-/typescript-5.7.2.tgz",
			"integrity": "sha512-i5t66RHxDvVN40HfDd1PsEThGNnlMCMT3jMUuoh9/0TaqWevNontacunWyN02LA9/fIbEWlcHZcgTKb9QoaLfg==",
			"dev": true,
			"license": "Apache-2.0",
			"bin": {
				"tsc": "bin/tsc",
				"tsserver": "bin/tsserver"
			},
			"engines": {
				"node": ">=14.17"
			}
		}
	}
}
